// !$*UTF8*$!
{
	archiveVersion = 1;
	classes = {
	};
	objectVersion = 50;
	objects = {

/* Begin PBXBuildFile section */
		A43011FD25189619003A3DB1 /* Venue.swift in Sources */ = {isa = PBXBuildFile; fileRef = A43011FC25189619003A3DB1 /* Venue.swift */; };
		A430E2C92518889D00872210 /* AppDelegate.swift in Sources */ = {isa = PBXBuildFile; fileRef = A430E2C82518889D00872210 /* AppDelegate.swift */; };
		A430E2CB2518889D00872210 /* SceneDelegate.swift in Sources */ = {isa = PBXBuildFile; fileRef = A430E2CA2518889D00872210 /* SceneDelegate.swift */; };
		A430E2D02518889D00872210 /* Main.storyboard in Resources */ = {isa = PBXBuildFile; fileRef = A430E2CE2518889D00872210 /* Main.storyboard */; };
		A430E2D22518889E00872210 /* Assets.xcassets in Resources */ = {isa = PBXBuildFile; fileRef = A430E2D12518889E00872210 /* Assets.xcassets */; };
		A430E2D52518889E00872210 /* LaunchScreen.storyboard in Resources */ = {isa = PBXBuildFile; fileRef = A430E2D32518889E00872210 /* LaunchScreen.storyboard */; };
		A430E2E02518889F00872210 /* PennLabsDiningTests.swift in Sources */ = {isa = PBXBuildFile; fileRef = A430E2DF2518889F00872210 /* PennLabsDiningTests.swift */; };
		A430E2EB2518889F00872210 /* PennLabsDiningUITests.swift in Sources */ = {isa = PBXBuildFile; fileRef = A430E2EA2518889F00872210 /* PennLabsDiningUITests.swift */; };
		A430E304251888D700872210 /* DiningTableTableViewController.swift in Sources */ = {isa = PBXBuildFile; fileRef = A430E303251888D700872210 /* DiningTableTableViewController.swift */; };
		A430E30A25188C9B00872210 /* HeaderTableViewCell.swift in Sources */ = {isa = PBXBuildFile; fileRef = A430E30925188C9B00872210 /* HeaderTableViewCell.swift */; };
		A430E31225188CBC00872210 /* VenueTableViewCell.swift in Sources */ = {isa = PBXBuildFile; fileRef = A430E31125188CBC00872210 /* VenueTableViewCell.swift */; };
		A4E5BEF5251928CD000EB697 /* VenueData.swift in Sources */ = {isa = PBXBuildFile; fileRef = A4E5BEF4251928CD000EB697 /* VenueData.swift */; };
/* End PBXBuildFile section */

/* Begin PBXContainerItemProxy section */
		A430E2DC2518889F00872210 /* PBXContainerItemProxy */ = {
			isa = PBXContainerItemProxy;
			containerPortal = A430E2BD2518889D00872210 /* Project object */;
			proxyType = 1;
			remoteGlobalIDString = A430E2C42518889D00872210;
			remoteInfo = PennLabsDining;
		};
		A430E2E72518889F00872210 /* PBXContainerItemProxy */ = {
			isa = PBXContainerItemProxy;
			containerPortal = A430E2BD2518889D00872210 /* Project object */;
			proxyType = 1;
			remoteGlobalIDString = A430E2C42518889D00872210;
			remoteInfo = PennLabsDining;
		};
/* End PBXContainerItemProxy section */

/* Begin PBXFileReference section */
		A43011FC25189619003A3DB1 /* Venue.swift */ = {isa = PBXFileReference; lastKnownFileType = sourcecode.swift; path = Venue.swift; sourceTree = "<group>"; };
		A430E2C52518889D00872210 /* PennLabsDining.app */ = {isa = PBXFileReference; explicitFileType = wrapper.application; includeInIndex = 0; path = PennLabsDining.app; sourceTree = BUILT_PRODUCTS_DIR; };
		A430E2C82518889D00872210 /* AppDelegate.swift */ = {isa = PBXFileReference; lastKnownFileType = sourcecode.swift; path = AppDelegate.swift; sourceTree = "<group>"; };
		A430E2CA2518889D00872210 /* SceneDelegate.swift */ = {isa = PBXFileReference; lastKnownFileType = sourcecode.swift; path = SceneDelegate.swift; sourceTree = "<group>"; };
		A430E2CF2518889D00872210 /* Base */ = {isa = PBXFileReference; lastKnownFileType = file.storyboard; name = Base; path = Base.lproj/Main.storyboard; sourceTree = "<group>"; };
		A430E2D12518889E00872210 /* Assets.xcassets */ = {isa = PBXFileReference; lastKnownFileType = folder.assetcatalog; path = Assets.xcassets; sourceTree = "<group>"; };
		A430E2D42518889E00872210 /* Base */ = {isa = PBXFileReference; lastKnownFileType = file.storyboard; name = Base; path = Base.lproj/LaunchScreen.storyboard; sourceTree = "<group>"; };
		A430E2D62518889E00872210 /* Info.plist */ = {isa = PBXFileReference; lastKnownFileType = text.plist.xml; path = Info.plist; sourceTree = "<group>"; };
		A430E2DB2518889F00872210 /* PennLabsDiningTests.xctest */ = {isa = PBXFileReference; explicitFileType = wrapper.cfbundle; includeInIndex = 0; path = PennLabsDiningTests.xctest; sourceTree = BUILT_PRODUCTS_DIR; };
		A430E2DF2518889F00872210 /* PennLabsDiningTests.swift */ = {isa = PBXFileReference; lastKnownFileType = sourcecode.swift; path = PennLabsDiningTests.swift; sourceTree = "<group>"; };
		A430E2E12518889F00872210 /* Info.plist */ = {isa = PBXFileReference; lastKnownFileType = text.plist.xml; path = Info.plist; sourceTree = "<group>"; };
		A430E2E62518889F00872210 /* PennLabsDiningUITests.xctest */ = {isa = PBXFileReference; explicitFileType = wrapper.cfbundle; includeInIndex = 0; path = PennLabsDiningUITests.xctest; sourceTree = BUILT_PRODUCTS_DIR; };
		A430E2EA2518889F00872210 /* PennLabsDiningUITests.swift */ = {isa = PBXFileReference; lastKnownFileType = sourcecode.swift; path = PennLabsDiningUITests.swift; sourceTree = "<group>"; };
		A430E2EC2518889F00872210 /* Info.plist */ = {isa = PBXFileReference; lastKnownFileType = text.plist.xml; path = Info.plist; sourceTree = "<group>"; };
		A430E303251888D700872210 /* DiningTableTableViewController.swift */ = {isa = PBXFileReference; lastKnownFileType = sourcecode.swift; path = DiningTableTableViewController.swift; sourceTree = "<group>"; };
		A430E30925188C9B00872210 /* HeaderTableViewCell.swift */ = {isa = PBXFileReference; lastKnownFileType = sourcecode.swift; path = HeaderTableViewCell.swift; sourceTree = "<group>"; };
		A430E31125188CBC00872210 /* VenueTableViewCell.swift */ = {isa = PBXFileReference; lastKnownFileType = sourcecode.swift; path = VenueTableViewCell.swift; sourceTree = "<group>"; };
		A4E5BEF4251928CD000EB697 /* VenueData.swift */ = {isa = PBXFileReference; lastKnownFileType = sourcecode.swift; path = VenueData.swift; sourceTree = "<group>"; };
/* End PBXFileReference section */

/* Begin PBXFrameworksBuildPhase section */
		A430E2C22518889D00872210 /* Frameworks */ = {
			isa = PBXFrameworksBuildPhase;
			buildActionMask = 2147483647;
			files = (
			);
			runOnlyForDeploymentPostprocessing = 0;
		};
		A430E2D82518889F00872210 /* Frameworks */ = {
			isa = PBXFrameworksBuildPhase;
			buildActionMask = 2147483647;
			files = (
			);
			runOnlyForDeploymentPostprocessing = 0;
		};
		A430E2E32518889F00872210 /* Frameworks */ = {
			isa = PBXFrameworksBuildPhase;
			buildActionMask = 2147483647;
			files = (
			);
			runOnlyForDeploymentPostprocessing = 0;
		};
/* End PBXFrameworksBuildPhase section */

/* Begin PBXGroup section */
		A43011FB2518960D003A3DB1 /* Model */ = {
			isa = PBXGroup;
			children = (
				A43011FC25189619003A3DB1 /* Venue.swift */,
				A4E5BEF4251928CD000EB697 /* VenueData.swift */,
			);
			path = Model;
			sourceTree = "<group>";
		};
		A430E2BC2518889D00872210 = {
			isa = PBXGroup;
			children = (
				A430E2C72518889D00872210 /* PennLabsDining */,
				A430E2DE2518889F00872210 /* PennLabsDiningTests */,
				A430E2E92518889F00872210 /* PennLabsDiningUITests */,
				A430E2C62518889D00872210 /* Products */,
			);
			sourceTree = "<group>";
		};
		A430E2C62518889D00872210 /* Products */ = {
			isa = PBXGroup;
			children = (
				A430E2C52518889D00872210 /* PennLabsDining.app */,
				A430E2DB2518889F00872210 /* PennLabsDiningTests.xctest */,
				A430E2E62518889F00872210 /* PennLabsDiningUITests.xctest */,
			);
			name = Products;
			sourceTree = "<group>";
		};
		A430E2C72518889D00872210 /* PennLabsDining */ = {
			isa = PBXGroup;
			children = (
				A43011FB2518960D003A3DB1 /* Model */,
				A430E30825188C8A00872210 /* Views */,
				A430E2FF251888BA00872210 /* Storyboards */,
				A430E2FE251888AC00872210 /* View Controllers */,
				A430E2C82518889D00872210 /* AppDelegate.swift */,
				A430E2CA2518889D00872210 /* SceneDelegate.swift */,
				A430E2D12518889E00872210 /* Assets.xcassets */,
				A430E2D62518889E00872210 /* Info.plist */,
			);
			path = PennLabsDining;
			sourceTree = "<group>";
		};
		A430E2DE2518889F00872210 /* PennLabsDiningTests */ = {
			isa = PBXGroup;
			children = (
				A430E2DF2518889F00872210 /* PennLabsDiningTests.swift */,
				A430E2E12518889F00872210 /* Info.plist */,
			);
			path = PennLabsDiningTests;
			sourceTree = "<group>";
		};
		A430E2E92518889F00872210 /* PennLabsDiningUITests */ = {
			isa = PBXGroup;
			children = (
				A430E2EA2518889F00872210 /* PennLabsDiningUITests.swift */,
				A430E2EC2518889F00872210 /* Info.plist */,
			);
			path = PennLabsDiningUITests;
			sourceTree = "<group>";
		};
		A430E2FE251888AC00872210 /* View Controllers */ = {
			isa = PBXGroup;
			children = (
				A430E303251888D700872210 /* DiningTableTableViewController.swift */,
			);
			path = "View Controllers";
			sourceTree = "<group>";
		};
		A430E2FF251888BA00872210 /* Storyboards */ = {
			isa = PBXGroup;
			children = (
				A430E2CE2518889D00872210 /* Main.storyboard */,
				A430E2D32518889E00872210 /* LaunchScreen.storyboard */,
			);
			path = Storyboards;
			sourceTree = "<group>";
		};
		A430E30825188C8A00872210 /* Views */ = {
			isa = PBXGroup;
			children = (
				A430E30925188C9B00872210 /* HeaderTableViewCell.swift */,
				A430E31125188CBC00872210 /* VenueTableViewCell.swift */,
			);
			path = Views;
			sourceTree = "<group>";
		};
/* End PBXGroup section */

/* Begin PBXNativeTarget section */
		A430E2C42518889D00872210 /* PennLabsDining */ = {
			isa = PBXNativeTarget;
			buildConfigurationList = A430E2EF2518889F00872210 /* Build configuration list for PBXNativeTarget "PennLabsDining" */;
			buildPhases = (
				A430E2C12518889D00872210 /* Sources */,
				A430E2C22518889D00872210 /* Frameworks */,
				A430E2C32518889D00872210 /* Resources */,
			);
			buildRules = (
			);
			dependencies = (
			);
			name = PennLabsDining;
			productName = PennLabsDining;
			productReference = A430E2C52518889D00872210 /* PennLabsDining.app */;
			productType = "com.apple.product-type.application";
		};
		A430E2DA2518889F00872210 /* PennLabsDiningTests */ = {
			isa = PBXNativeTarget;
			buildConfigurationList = A430E2F22518889F00872210 /* Build configuration list for PBXNativeTarget "PennLabsDiningTests" */;
			buildPhases = (
				A430E2D72518889F00872210 /* Sources */,
				A430E2D82518889F00872210 /* Frameworks */,
				A430E2D92518889F00872210 /* Resources */,
			);
			buildRules = (
			);
			dependencies = (
				A430E2DD2518889F00872210 /* PBXTargetDependency */,
			);
			name = PennLabsDiningTests;
			productName = PennLabsDiningTests;
			productReference = A430E2DB2518889F00872210 /* PennLabsDiningTests.xctest */;
			productType = "com.apple.product-type.bundle.unit-test";
		};
		A430E2E52518889F00872210 /* PennLabsDiningUITests */ = {
			isa = PBXNativeTarget;
			buildConfigurationList = A430E2F52518889F00872210 /* Build configuration list for PBXNativeTarget "PennLabsDiningUITests" */;
			buildPhases = (
				A430E2E22518889F00872210 /* Sources */,
				A430E2E32518889F00872210 /* Frameworks */,
				A430E2E42518889F00872210 /* Resources */,
			);
			buildRules = (
			);
			dependencies = (
				A430E2E82518889F00872210 /* PBXTargetDependency */,
			);
			name = PennLabsDiningUITests;
			productName = PennLabsDiningUITests;
			productReference = A430E2E62518889F00872210 /* PennLabsDiningUITests.xctest */;
			productType = "com.apple.product-type.bundle.ui-testing";
		};
/* End PBXNativeTarget section */

/* Begin PBXProject section */
		A430E2BD2518889D00872210 /* Project object */ = {
			isa = PBXProject;
			attributes = {
				LastSwiftUpdateCheck = 1200;
				LastUpgradeCheck = 1200;
				TargetAttributes = {
					A430E2C42518889D00872210 = {
						CreatedOnToolsVersion = 12.0;
					};
					A430E2DA2518889F00872210 = {
						CreatedOnToolsVersion = 12.0;
						TestTargetID = A430E2C42518889D00872210;
					};
					A430E2E52518889F00872210 = {
						CreatedOnToolsVersion = 12.0;
						TestTargetID = A430E2C42518889D00872210;
					};
				};
			};
			buildConfigurationList = A430E2C02518889D00872210 /* Build configuration list for PBXProject "PennLabsDining" */;
			compatibilityVersion = "Xcode 9.3";
			developmentRegion = en;
			hasScannedForEncodings = 0;
			knownRegions = (
				en,
				Base,
			);
			mainGroup = A430E2BC2518889D00872210;
			productRefGroup = A430E2C62518889D00872210 /* Products */;
			projectDirPath = "";
			projectRoot = "";
			targets = (
				A430E2C42518889D00872210 /* PennLabsDining */,
				A430E2DA2518889F00872210 /* PennLabsDiningTests */,
				A430E2E52518889F00872210 /* PennLabsDiningUITests */,
			);
		};
/* End PBXProject section */

/* Begin PBXResourcesBuildPhase section */
		A430E2C32518889D00872210 /* Resources */ = {
			isa = PBXResourcesBuildPhase;
			buildActionMask = 2147483647;
			files = (
				A430E2D52518889E00872210 /* LaunchScreen.storyboard in Resources */,
				A430E2D22518889E00872210 /* Assets.xcassets in Resources */,
				A430E2D02518889D00872210 /* Main.storyboard in Resources */,
			);
			runOnlyForDeploymentPostprocessing = 0;
		};
		A430E2D92518889F00872210 /* Resources */ = {
			isa = PBXResourcesBuildPhase;
			buildActionMask = 2147483647;
			files = (
			);
			runOnlyForDeploymentPostprocessing = 0;
		};
		A430E2E42518889F00872210 /* Resources */ = {
			isa = PBXResourcesBuildPhase;
			buildActionMask = 2147483647;
			files = (
			);
			runOnlyForDeploymentPostprocessing = 0;
		};
/* End PBXResourcesBuildPhase section */

/* Begin PBXSourcesBuildPhase section */
		A430E2C12518889D00872210 /* Sources */ = {
			isa = PBXSourcesBuildPhase;
			buildActionMask = 2147483647;
			files = (
				A430E30A25188C9B00872210 /* HeaderTableViewCell.swift in Sources */,
				A43011FD25189619003A3DB1 /* Venue.swift in Sources */,
				A430E304251888D700872210 /* DiningTableTableViewController.swift in Sources */,
				A430E2C92518889D00872210 /* AppDelegate.swift in Sources */,
				A430E31225188CBC00872210 /* VenueTableViewCell.swift in Sources */,
				A430E2CB2518889D00872210 /* SceneDelegate.swift in Sources */,
				A4E5BEF5251928CD000EB697 /* VenueData.swift in Sources */,
			);
			runOnlyForDeploymentPostprocessing = 0;
		};
		A430E2D72518889F00872210 /* Sources */ = {
			isa = PBXSourcesBuildPhase;
			buildActionMask = 2147483647;
			files = (
				A430E2E02518889F00872210 /* PennLabsDiningTests.swift in Sources */,
			);
			runOnlyForDeploymentPostprocessing = 0;
		};
		A430E2E22518889F00872210 /* Sources */ = {
			isa = PBXSourcesBuildPhase;
			buildActionMask = 2147483647;
			files = (
				A430E2EB2518889F00872210 /* PennLabsDiningUITests.swift in Sources */,
			);
			runOnlyForDeploymentPostprocessing = 0;
		};
/* End PBXSourcesBuildPhase section */

/* Begin PBXTargetDependency section */
		A430E2DD2518889F00872210 /* PBXTargetDependency */ = {
			isa = PBXTargetDependency;
			target = A430E2C42518889D00872210 /* PennLabsDining */;
			targetProxy = A430E2DC2518889F00872210 /* PBXContainerItemProxy */;
		};
		A430E2E82518889F00872210 /* PBXTargetDependency */ = {
			isa = PBXTargetDependency;
			target = A430E2C42518889D00872210 /* PennLabsDining */;
			targetProxy = A430E2E72518889F00872210 /* PBXContainerItemProxy */;
		};
/* End PBXTargetDependency section */

/* Begin PBXVariantGroup section */
		A430E2CE2518889D00872210 /* Main.storyboard */ = {
			isa = PBXVariantGroup;
			children = (
				A430E2CF2518889D00872210 /* Base */,
			);
			name = Main.storyboard;
			sourceTree = "<group>";
		};
		A430E2D32518889E00872210 /* LaunchScreen.storyboard */ = {
			isa = PBXVariantGroup;
			children = (
				A430E2D42518889E00872210 /* Base */,
			);
			name = LaunchScreen.storyboard;
			sourceTree = "<group>";
		};
/* End PBXVariantGroup section */

/* Begin XCBuildConfiguration section */
		A430E2ED2518889F00872210 /* Debug */ = {
			isa = XCBuildConfiguration;
			buildSettings = {
				ALWAYS_SEARCH_USER_PATHS = NO;
				CLANG_ANALYZER_NONNULL = YES;
				CLANG_ANALYZER_NUMBER_OBJECT_CONVERSION = YES_AGGRESSIVE;
				CLANG_CXX_LANGUAGE_STANDARD = "gnu++14";
				CLANG_CXX_LIBRARY = "libc++";
				CLANG_ENABLE_MODULES = YES;
				CLANG_ENABLE_OBJC_ARC = YES;
				CLANG_ENABLE_OBJC_WEAK = YES;
				CLANG_WARN_BLOCK_CAPTURE_AUTORELEASING = YES;
				CLANG_WARN_BOOL_CONVERSION = YES;
				CLANG_WARN_COMMA = YES;
				CLANG_WARN_CONSTANT_CONVERSION = YES;
				CLANG_WARN_DEPRECATED_OBJC_IMPLEMENTATIONS = YES;
				CLANG_WARN_DIRECT_OBJC_ISA_USAGE = YES_ERROR;
				CLANG_WARN_DOCUMENTATION_COMMENTS = YES;
				CLANG_WARN_EMPTY_BODY = YES;
				CLANG_WARN_ENUM_CONVERSION = YES;
				CLANG_WARN_INFINITE_RECURSION = YES;
				CLANG_WARN_INT_CONVERSION = YES;
				CLANG_WARN_NON_LITERAL_NULL_CONVERSION = YES;
				CLANG_WARN_OBJC_IMPLICIT_RETAIN_SELF = YES;
				CLANG_WARN_OBJC_LITERAL_CONVERSION = YES;
				CLANG_WARN_OBJC_ROOT_CLASS = YES_ERROR;
				CLANG_WARN_QUOTED_INCLUDE_IN_FRAMEWORK_HEADER = YES;
				CLANG_WARN_RANGE_LOOP_ANALYSIS = YES;
				CLANG_WARN_STRICT_PROTOTYPES = YES;
				CLANG_WARN_SUSPICIOUS_MOVE = YES;
				CLANG_WARN_UNGUARDED_AVAILABILITY = YES_AGGRESSIVE;
				CLANG_WARN_UNREACHABLE_CODE = YES;
				CLANG_WARN__DUPLICATE_METHOD_MATCH = YES;
				COPY_PHASE_STRIP = NO;
				DEBUG_INFORMATION_FORMAT = dwarf;
				ENABLE_STRICT_OBJC_MSGSEND = YES;
				ENABLE_TESTABILITY = YES;
				GCC_C_LANGUAGE_STANDARD = gnu11;
				GCC_DYNAMIC_NO_PIC = NO;
				GCC_NO_COMMON_BLOCKS = YES;
				GCC_OPTIMIZATION_LEVEL = 0;
				GCC_PREPROCESSOR_DEFINITIONS = (
					"DEBUG=1",
					"$(inherited)",
				);
				GCC_WARN_64_TO_32_BIT_CONVERSION = YES;
				GCC_WARN_ABOUT_RETURN_TYPE = YES_ERROR;
				GCC_WARN_UNDECLARED_SELECTOR = YES;
				GCC_WARN_UNINITIALIZED_AUTOS = YES_AGGRESSIVE;
				GCC_WARN_UNUSED_FUNCTION = YES;
				GCC_WARN_UNUSED_VARIABLE = YES;
				IPHONEOS_DEPLOYMENT_TARGET = 14.0;
				MTL_ENABLE_DEBUG_INFO = INCLUDE_SOURCE;
				MTL_FAST_MATH = YES;
				ONLY_ACTIVE_ARCH = YES;
				SDKROOT = iphoneos;
				SWIFT_ACTIVE_COMPILATION_CONDITIONS = DEBUG;
				SWIFT_OPTIMIZATION_LEVEL = "-Onone";
			};
			name = Debug;
		};
		A430E2EE2518889F00872210 /* Release */ = {
			isa = XCBuildConfiguration;
			buildSettings = {
				ALWAYS_SEARCH_USER_PATHS = NO;
				CLANG_ANALYZER_NONNULL = YES;
				CLANG_ANALYZER_NUMBER_OBJECT_CONVERSION = YES_AGGRESSIVE;
				CLANG_CXX_LANGUAGE_STANDARD = "gnu++14";
				CLANG_CXX_LIBRARY = "libc++";
				CLANG_ENABLE_MODULES = YES;
				CLANG_ENABLE_OBJC_ARC = YES;
				CLANG_ENABLE_OBJC_WEAK = YES;
				CLANG_WARN_BLOCK_CAPTURE_AUTORELEASING = YES;
				CLANG_WARN_BOOL_CONVERSION = YES;
				CLANG_WARN_COMMA = YES;
				CLANG_WARN_CONSTANT_CONVERSION = YES;
				CLANG_WARN_DEPRECATED_OBJC_IMPLEMENTATIONS = YES;
				CLANG_WARN_DIRECT_OBJC_ISA_USAGE = YES_ERROR;
				CLANG_WARN_DOCUMENTATION_COMMENTS = YES;
				CLANG_WARN_EMPTY_BODY = YES;
				CLANG_WARN_ENUM_CONVERSION = YES;
				CLANG_WARN_INFINITE_RECURSION = YES;
				CLANG_WARN_INT_CONVERSION = YES;
				CLANG_WARN_NON_LITERAL_NULL_CONVERSION = YES;
				CLANG_WARN_OBJC_IMPLICIT_RETAIN_SELF = YES;
				CLANG_WARN_OBJC_LITERAL_CONVERSION = YES;
				CLANG_WARN_OBJC_ROOT_CLASS = YES_ERROR;
				CLANG_WARN_QUOTED_INCLUDE_IN_FRAMEWORK_HEADER = YES;
				CLANG_WARN_RANGE_LOOP_ANALYSIS = YES;
				CLANG_WARN_STRICT_PROTOTYPES = YES;
				CLANG_WARN_SUSPICIOUS_MOVE = YES;
				CLANG_WARN_UNGUARDED_AVAILABILITY = YES_AGGRESSIVE;
				CLANG_WARN_UNREACHABLE_CODE = YES;
				CLANG_WARN__DUPLICATE_METHOD_MATCH = YES;
				COPY_PHASE_STRIP = NO;
				DEBUG_INFORMATION_FORMAT = "dwarf-with-dsym";
				ENABLE_NS_ASSERTIONS = NO;
				ENABLE_STRICT_OBJC_MSGSEND = YES;
				GCC_C_LANGUAGE_STANDARD = gnu11;
				GCC_NO_COMMON_BLOCKS = YES;
				GCC_WARN_64_TO_32_BIT_CONVERSION = YES;
				GCC_WARN_ABOUT_RETURN_TYPE = YES_ERROR;
				GCC_WARN_UNDECLARED_SELECTOR = YES;
				GCC_WARN_UNINITIALIZED_AUTOS = YES_AGGRESSIVE;
				GCC_WARN_UNUSED_FUNCTION = YES;
				GCC_WARN_UNUSED_VARIABLE = YES;
				IPHONEOS_DEPLOYMENT_TARGET = 14.0;
				MTL_ENABLE_DEBUG_INFO = NO;
				MTL_FAST_MATH = YES;
				SDKROOT = iphoneos;
				SWIFT_COMPILATION_MODE = wholemodule;
				SWIFT_OPTIMIZATION_LEVEL = "-O";
				VALIDATE_PRODUCT = YES;
			};
			name = Release;
		};
		A430E2F02518889F00872210 /* Debug */ = {
			isa = XCBuildConfiguration;
			buildSettings = {
				ASSETCATALOG_COMPILER_APPICON_NAME = AppIcon;
				ASSETCATALOG_COMPILER_GLOBAL_ACCENT_COLOR_NAME = AccentColor;
				CODE_SIGN_STYLE = Automatic;
				DEVELOPMENT_TEAM = GN636R9GCR;
				INFOPLIST_FILE = PennLabsDining/Info.plist;
				LD_RUNPATH_SEARCH_PATHS = (
					"$(inherited)",
					"@executable_path/Frameworks",
				);
				PRODUCT_BUNDLE_IDENTIFIER = com.dduan008.PennLabsDining;
				PRODUCT_NAME = "$(TARGET_NAME)";
				SWIFT_VERSION = 5.0;
				TARGETED_DEVICE_FAMILY = "1,2";
			};
			name = Debug;
		};
		A430E2F12518889F00872210 /* Release */ = {
			isa = XCBuildConfiguration;
			buildSettings = {
				ASSETCATALOG_COMPILER_APPICON_NAME = AppIcon;
				ASSETCATALOG_COMPILER_GLOBAL_ACCENT_COLOR_NAME = AccentColor;
				CODE_SIGN_STYLE = Automatic;
				DEVELOPMENT_TEAM = GN636R9GCR;
				INFOPLIST_FILE = PennLabsDining/Info.plist;
				LD_RUNPATH_SEARCH_PATHS = (
					"$(inherited)",
					"@executable_path/Frameworks",
				);
				PRODUCT_BUNDLE_IDENTIFIER = com.dduan008.PennLabsDining;
				PRODUCT_NAME = "$(TARGET_NAME)";
				SWIFT_VERSION = 5.0;
				TARGETED_DEVICE_FAMILY = "1,2";
			};
			name = Release;
		};
		A430E2F32518889F00872210 /* Debug */ = {
			isa = XCBuildConfiguration;
			buildSettings = {
				ALWAYS_EMBED_SWIFT_STANDARD_LIBRARIES = YES;
				BUNDLE_LOADER = "$(TEST_HOST)";
				CODE_SIGN_STYLE = Automatic;
				DEVELOPMENT_TEAM = GN636R9GCR;
				INFOPLIST_FILE = PennLabsDiningTests/Info.plist;
				IPHONEOS_DEPLOYMENT_TARGET = 14.0;
				LD_RUNPATH_SEARCH_PATHS = (
					"$(inherited)",
					"@executable_path/Frameworks",
					"@loader_path/Frameworks",
				);
				PRODUCT_BUNDLE_IDENTIFIER = com.dduan008.PennLabsDiningTests;
				PRODUCT_NAME = "$(TARGET_NAME)";
				SWIFT_VERSION = 5.0;
				TARGETED_DEVICE_FAMILY = "1,2";
				TEST_HOST = "$(BUILT_PRODUCTS_DIR)/PennLabsDining.app/PennLabsDining";
			};
			name = Debug;
		};
		A430E2F42518889F00872210 /* Release */ = {
			isa = XCBuildConfiguration;
			buildSettings = {
				ALWAYS_EMBED_SWIFT_STANDARD_LIBRARIES = YES;
				BUNDLE_LOADER = "$(TEST_HOST)";
				CODE_SIGN_STYLE = Automatic;
				DEVELOPMENT_TEAM = GN636R9GCR;
				INFOPLIST_FILE = PennLabsDiningTests/Info.plist;
				IPHONEOS_DEPLOYMENT_TARGET = 14.0;
				LD_RUNPATH_SEARCH_PATHS = (
					"$(inherited)",
					"@executable_path/Frameworks",
					"@loader_path/Frameworks",
				);
				PRODUCT_BUNDLE_IDENTIFIER = com.dduan008.PennLabsDiningTests;
				PRODUCT_NAME = "$(TARGET_NAME)";
				SWIFT_VERSION = 5.0;
				TARGETED_DEVICE_FAMILY = "1,2";
				TEST_HOST = "$(BUILT_PRODUCTS_DIR)/PennLabsDining.app/PennLabsDining";
			};
			name = Release;
		};
		A430E2F62518889F00872210 /* Debug */ = {
			isa = XCBuildConfiguration;
			buildSettings = {
				ALWAYS_EMBED_SWIFT_STANDARD_LIBRARIES = YES;
				CODE_SIGN_STYLE = Automatic;
				DEVELOPMENT_TEAM = GN636R9GCR;
				INFOPLIST_FILE = PennLabsDiningUITests/Info.plist;
				LD_RUNPATH_SEARCH_PATHS = (
					"$(inherited)",
					"@executable_path/Frameworks",
					"@loader_path/Frameworks",
				);
				PRODUCT_BUNDLE_IDENTIFIER = com.dduan008.PennLabsDiningUITests;
				PRODUCT_NAME = "$(TARGET_NAME)";
				SWIFT_VERSION = 5.0;
				TARGETED_DEVICE_FAMILY = "1,2";
				TEST_TARGET_NAME = PennLabsDining;
			};
			name = Debug;
		};
		A430E2F72518889F00872210 /* Release */ = {
			isa = XCBuildConfiguration;
			buildSettings = {
				ALWAYS_EMBED_SWIFT_STANDARD_LIBRARIES = YES;
				CODE_SIGN_STYLE = Automatic;
				DEVELOPMENT_TEAM = GN636R9GCR;
				INFOPLIST_FILE = PennLabsDiningUITests/Info.plist;
				LD_RUNPATH_SEARCH_PATHS = (
					"$(inherited)",
					"@executable_path/Frameworks",
					"@loader_path/Frameworks",
				);
				PRODUCT_BUNDLE_IDENTIFIER = com.dduan008.PennLabsDiningUITests;
				PRODUCT_NAME = "$(TARGET_NAME)";
				SWIFT_VERSION = 5.0;
				TARGETED_DEVICE_FAMILY = "1,2";
				TEST_TARGET_NAME = PennLabsDining;
			};
			name = Release;
		};
/* End XCBuildConfiguration section */

/* Begin XCConfigurationList section */
		A430E2C02518889D00872210 /* Build configuration list for PBXProject "PennLabsDining" */ = {
			isa = XCConfigurationList;
			buildConfigurations = (
				A430E2ED2518889F00872210 /* Debug */,
				A430E2EE2518889F00872210 /* Release */,
			);
			defaultConfigurationIsVisible = 0;
			defaultConfigurationName = Release;
		};
		A430E2EF2518889F00872210 /* Build configuration list for PBXNativeTarget "PennLabsDining" */ = {
			isa = XCConfigurationList;
			buildConfigurations = (
				A430E2F02518889F00872210 /* Debug */,
				A430E2F12518889F00872210 /* Release */,
			);
			defaultConfigurationIsVisible = 0;
			defaultConfigurationName = Release;
		};
		A430E2F22518889F00872210 /* Build configuration list for PBXNativeTarget "PennLabsDiningTests" */ = {
			isa = XCConfigurationList;
			buildConfigurations = (
				A430E2F32518889F00872210 /* Debug */,
				A430E2F42518889F00872210 /* Release */,
			);
			defaultConfigurationIsVisible = 0;
			defaultConfigurationName = Release;
		};
		A430E2F52518889F00872210 /* Build configuration list for PBXNativeTarget "PennLabsDiningUITests" */ = {
			isa = XCConfigurationList;
			buildConfigurations = (
				A430E2F62518889F00872210 /* Debug */,
				A430E2F72518889F00872210 /* Release */,
			);
			defaultConfigurationIsVisible = 0;
			defaultConfigurationName = Release;
		};
/* End XCConfigurationList section */
	};
	rootObject = A430E2BD2518889D00872210 /* Project object */;
}
